
Microsoft Visual Studio Solution File, Format Version 12.00
# Visual Studio Version 16
VisualStudioVersion = 16.0.29613.14
MinimumVisualStudioVersion = 10.0.40219.1
Project("{FAE04EC0-301F-11D3-BF4B-00C04F79EFBC}") = "ConsoleApp2", "ConsoleApp2.csproj", "{2CA694E1-A1A0-4DDE-89DA-EA86F0EC364D}"
EndProject
Global
	GlobalSection(SolutionConfigurationPlatforms) = preSolution
		Debug|Any CPU = Debug|Any CPU
		Release|Any CPU = Release|Any CPU
	EndGlobalSection
	GlobalSection(ProjectConfigurationPlatforms) = postSolution
		{2CA694E1-A1A0-4DDE-89DA-EA86F0EC364D}.Debug|Any CPU.ActiveCfg = Debug|Any CPU
		{2CA694E1-A1A0-4DDE-89DA-EA86F0EC364D}.Debug|Any CPU.Build.0 = Debug|Any CPU
		{2CA694E1-A1A0-4DDE-89DA-EA86F0EC364D}.Release|Any CPU.ActiveCfg = Release|Any CPU
		{2CA694E1-A1A0-4DDE-89DA-EA86F0EC364D}.Release|Any CPU.Build.0 = Release|Any CPU
	EndGlobalSection
	GlobalSection(SolutionProperties) = preSolution
		HideSolutionNode = FALSE
	EndGlobalSection
	GlobalSection(ExtensibilityGlobals) = postSolution
		SolutionGuid = {3EC1A503-75FA-408E-9C71-0F9F5DDC2BD9}
	EndGlobalSection
EndGlobal
